
Microsoft Visual Studio Solution File, Format Version 12.00
# Visual Studio 15
VisualStudioVersion = 15.0.28307.1525
MinimumVisualStudioVersion = 10.0.40219.1
Project("{FAE04EC0-301F-11D3-BF4B-00C04F79EFBC}") = "WebApplication2", "WebApplication2\WebApplication2.csproj", "{E5E43C45-E451-4C29-AC18-2D94EE275F6D}"
EndProject
Global
	GlobalSection(SolutionConfigurationPlatforms) = preSolution
		Debug|Any CPU = Debug|Any CPU
		Release|Any CPU = Release|Any CPU
	EndGlobalSection
	GlobalSection(ProjectConfigurationPlatforms) = postSolution
		{E5E43C45-E451-4C29-AC18-2D94EE275F6D}.Debug|Any CPU.ActiveCfg = Debug|Any CPU
		{E5E43C45-E451-4C29-AC18-2D94EE275F6D}.Debug|Any CPU.Build.0 = Debug|Any CPU
		{E5E43C45-E451-4C29-AC18-2D94EE275F6D}.Release|Any CPU.ActiveCfg = Release|Any CPU
		{E5E43C45-E451-4C29-AC18-2D94EE275F6D}.Release|Any CPU.Build.0 = Release|Any CPU
	EndGlobalSection
	GlobalSection(SolutionProperties) = preSolution
		HideSolutionNode = FALSE
	EndGlobalSection
	GlobalSection(ExtensibilityGlobals) = postSolution
		SolutionGuid = {B2128D5B-35EB-4A41-8546-B5D0EEB7751A}
	EndGlobalSection
EndGlobal
